
Microsoft Visual Studio Solution File, Format Version 12.00
# Visual Studio Version 17
VisualStudioVersion = 17.10.35013.160
MinimumVisualStudioVersion = 10.0.40219.1
Project("{FAE04EC0-301F-11D3-BF4B-00C04F79EFBC}") = "APIGateway", "APIGateway.csproj", "{A4A48BEC-1624-467C-9529-B08E964B8B99}"
EndProject
Project("{FAE04EC0-301F-11D3-BF4B-00C04F79EFBC}") = "PeliculaAPI", "..\PeliculaAPI\PeliculaAPI.csproj", "{E99BD024-D9D9-4737-B04C-6360698FE42E}"
EndProject
Global
	GlobalSection(SolutionConfigurationPlatforms) = preSolution
		Debug|Any CPU = Debug|Any CPU
		Release|Any CPU = Release|Any CPU
	EndGlobalSection
	GlobalSection(ProjectConfigurationPlatforms) = postSolution
		{A4A48BEC-1624-467C-9529-B08E964B8B99}.Debug|Any CPU.ActiveCfg = Debug|Any CPU
		{A4A48BEC-1624-467C-9529-B08E964B8B99}.Debug|Any CPU.Build.0 = Debug|Any CPU
		{A4A48BEC-1624-467C-9529-B08E964B8B99}.Release|Any CPU.ActiveCfg = Release|Any CPU
		{A4A48BEC-1624-467C-9529-B08E964B8B99}.Release|Any CPU.Build.0 = Release|Any CPU
		{E99BD024-D9D9-4737-B04C-6360698FE42E}.Debug|Any CPU.ActiveCfg = Debug|Any CPU
		{E99BD024-D9D9-4737-B04C-6360698FE42E}.Debug|Any CPU.Build.0 = Debug|Any CPU
		{E99BD024-D9D9-4737-B04C-6360698FE42E}.Release|Any CPU.ActiveCfg = Release|Any CPU
		{E99BD024-D9D9-4737-B04C-6360698FE42E}.Release|Any CPU.Build.0 = Release|Any CPU
	EndGlobalSection
	GlobalSection(SolutionProperties) = preSolution
		HideSolutionNode = FALSE
	EndGlobalSection
	GlobalSection(ExtensibilityGlobals) = postSolution
		SolutionGuid = {A56A6A3D-A8AD-4E0B-A920-54B051F2D932}
	EndGlobalSection
EndGlobal
